
Microsoft Visual Studio Solution File, Format Version 12.00
# Visual Studio Version 17
VisualStudioVersion = 17.4.33213.308
MinimumVisualStudioVersion = 10.0.40219.1
Project("{FAE04EC0-301F-11D3-BF4B-00C04F79EFBC}") = "TEST", "TEST.csproj", "{FD272118-2F1B-4659-901A-090A62A9D575}"
EndProject
Global
	GlobalSection(SolutionConfigurationPlatforms) = preSolution
		Debug|Any CPU = Debug|Any CPU
		Release|Any CPU = Release|Any CPU
	EndGlobalSection
	GlobalSection(ProjectConfigurationPlatforms) = postSolution
		{FD272118-2F1B-4659-901A-090A62A9D575}.Debug|Any CPU.ActiveCfg = Debug|Any CPU
		{FD272118-2F1B-4659-901A-090A62A9D575}.Debug|Any CPU.Build.0 = Debug|Any CPU
		{FD272118-2F1B-4659-901A-090A62A9D575}.Release|Any CPU.ActiveCfg = Release|Any CPU
		{FD272118-2F1B-4659-901A-090A62A9D575}.Release|Any CPU.Build.0 = Release|Any CPU
	EndGlobalSection
	GlobalSection(SolutionProperties) = preSolution
		HideSolutionNode = FALSE
	EndGlobalSection
	GlobalSection(ExtensibilityGlobals) = postSolution
		SolutionGuid = {5FD0AEDF-9AC7-45B3-A622-CA4002EBFD8F}
	EndGlobalSection
EndGlobal
